
Microsoft Visual Studio Solution File, Format Version 12.00
# Visual Studio Version 16
VisualStudioVersion = 16.0.32228.343
MinimumVisualStudioVersion = 10.0.40219.1
Project("{D2ABAB84-BF74-430A-B69E-9DC6D40DDA17}") = "SSAS_YAVA", "SSAS_YAVA.dwproj", "{5C4D4A46-AC71-4178-97F6-11E813F1416F}"
EndProject
Global
	GlobalSection(SolutionConfigurationPlatforms) = preSolution
		Development|Default = Development|Default
	EndGlobalSection
	GlobalSection(ProjectConfigurationPlatforms) = postSolution
		{5C4D4A46-AC71-4178-97F6-11E813F1416F}.Development|Default.ActiveCfg = Development
		{5C4D4A46-AC71-4178-97F6-11E813F1416F}.Development|Default.Build.0 = Development
		{5C4D4A46-AC71-4178-97F6-11E813F1416F}.Development|Default.Deploy.0 = Development
	EndGlobalSection
	GlobalSection(SolutionProperties) = preSolution
		HideSolutionNode = FALSE
	EndGlobalSection
	GlobalSection(ExtensibilityGlobals) = postSolution
		SolutionGuid = {AD2E9D9D-23C8-4F09-BBB8-A3B96C7EC90F}
	EndGlobalSection
EndGlobal
